// !$*UTF8*$!
{
	archiveVersion = 1;
	classes = {
	};
	objectVersion = 46;
	objects = {

/* Begin PBXBuildFile section */
		22268C92EB227C42951116F3 /* ofxOpenNI.cpp in Sources */ = {isa = PBXBuildFile; fileRef = 76379EC64132C417060A72DE /* ofxOpenNI.cpp */; };
		231CAD631FFC38B10066E694 /* libOpenNI.dylib in Frameworks */ = {isa = PBXBuildFile; fileRef = 231CAD621FFC38B10066E694 /* libOpenNI.dylib */; };
		D3B8AA5EB0D52AE061EC1085 /* ofxOpenNITypes.cpp in Sources */ = {isa = PBXBuildFile; fileRef = 41D8677E542CE435D0746946 /* ofxOpenNITypes.cpp */; };
		E4328149138ABC9F0047C5CB /* openFrameworksDebug.a in Frameworks */ = {isa = PBXBuildFile; fileRef = E4328148138ABC890047C5CB /* openFrameworksDebug.a */; };
		E4B69E200A3A1BDC003C02F2 /* main.cpp in Sources */ = {isa = PBXBuildFile; fileRef = E4B69E1D0A3A1BDC003C02F2 /* main.cpp */; };
		E4B69E210A3A1BDC003C02F2 /* ofApp.cpp in Sources */ = {isa = PBXBuildFile; fileRef = E4B69E1E0A3A1BDC003C02F2 /* ofApp.cpp */; };
/* End PBXBuildFile section */

/* Begin PBXContainerItemProxy section */
		E4328147138ABC890047C5CB /* PBXContainerItemProxy */ = {
			isa = PBXContainerItemProxy;
			containerPortal = E4328143138ABC890047C5CB /* openFrameworksLib.xcodeproj */;
			proxyType = 2;
			remoteGlobalIDString = E4B27C1510CBEB8E00536013;
			remoteInfo = openFrameworks;
		};
		E4EEB9AB138B136A00A80321 /* PBXContainerItemProxy */ = {
			isa = PBXContainerItemProxy;
			containerPortal = E4328143138ABC890047C5CB /* openFrameworksLib.xcodeproj */;
			proxyType = 1;
			remoteGlobalIDString = E4B27C1410CBEB8E00536013;
			remoteInfo = openFrameworks;
		};
/* End PBXContainerItemProxy section */

/* Begin PBXCopyFilesBuildPhase section */
		E4C2427710CC5ABF004149E2 /* CopyFiles */ = {
			isa = PBXCopyFilesBuildPhase;
			buildActionMask = 2147483647;
			dstPath = "";
			dstSubfolderSpec = 10;
			files = (
			);
			runOnlyForDeploymentPostprocessing = 0;
		};
/* End PBXCopyFilesBuildPhase section */

/* Begin PBXFileReference section */
		231CACC91FFC38810066E694 /* change_exec_paths.sh */ = {isa = PBXFileReference; lastKnownFileType = text.script.sh; path = change_exec_paths.sh; sourceTree = "<group>"; };
		231CACCA1FFC38810066E694 /* libnimCodecs.dylib */ = {isa = PBXFileReference; lastKnownFileType = "compiled.mach-o.dylib"; path = libnimCodecs.dylib; sourceTree = "<group>"; };
		231CACCB1FFC38810066E694 /* libnimMockNodes.dylib */ = {isa = PBXFileReference; lastKnownFileType = "compiled.mach-o.dylib"; path = libnimMockNodes.dylib; sourceTree = "<group>"; };
		231CACCC1FFC38810066E694 /* libnimRecorder.dylib */ = {isa = PBXFileReference; lastKnownFileType = "compiled.mach-o.dylib"; path = libnimRecorder.dylib; sourceTree = "<group>"; };
		231CACCD1FFC38810066E694 /* libOpenNI.dylib */ = {isa = PBXFileReference; lastKnownFileType = "compiled.mach-o.dylib"; path = libOpenNI.dylib; sourceTree = "<group>"; };
		231CACCE1FFC38810066E694 /* libusb-1.0.0.dylib */ = {isa = PBXFileReference; lastKnownFileType = "compiled.mach-o.dylib"; path = "libusb-1.0.0.dylib"; sourceTree = "<group>"; };
		231CACCF1FFC38810066E694 /* libXnCore.dylib */ = {isa = PBXFileReference; lastKnownFileType = "compiled.mach-o.dylib"; path = libXnCore.dylib; sourceTree = "<group>"; };
		231CACD01FFC38810066E694 /* libXnDDK.dylib */ = {isa = PBXFileReference; lastKnownFileType = "compiled.mach-o.dylib"; path = libXnDDK.dylib; sourceTree = "<group>"; };
		231CACD11FFC38810066E694 /* libXnDeviceFile.dylib */ = {isa = PBXFileReference; lastKnownFileType = "compiled.mach-o.dylib"; path = libXnDeviceFile.dylib; sourceTree = "<group>"; };
		231CACD21FFC38810066E694 /* libXnDeviceSensorV2KM.dylib */ = {isa = PBXFileReference; lastKnownFileType = "compiled.mach-o.dylib"; path = libXnDeviceSensorV2KM.dylib; sourceTree = "<group>"; };
		231CACD31FFC38810066E694 /* libXnFormats.dylib */ = {isa = PBXFileReference; lastKnownFileType = "compiled.mach-o.dylib"; path = libXnFormats.dylib; sourceTree = "<group>"; };
		231CACD41FFC38810066E694 /* libXnVCNITE_1_5_2.dylib */ = {isa = PBXFileReference; lastKnownFileType = "compiled.mach-o.dylib"; path = libXnVCNITE_1_5_2.dylib; sourceTree = "<group>"; };
		231CACD51FFC38810066E694 /* libXnVFeatures_1_5_2.dylib */ = {isa = PBXFileReference; lastKnownFileType = "compiled.mach-o.dylib"; path = libXnVFeatures_1_5_2.dylib; sourceTree = "<group>"; };
		231CACD61FFC38810066E694 /* libXnVHandGenerator_1_5_2.dylib */ = {isa = PBXFileReference; lastKnownFileType = "compiled.mach-o.dylib"; path = libXnVHandGenerator_1_5_2.dylib; sourceTree = "<group>"; };
		231CACD71FFC38810066E694 /* libXnVNite_1_5_2.dylib */ = {isa = PBXFileReference; lastKnownFileType = "compiled.mach-o.dylib"; path = libXnVNite_1_5_2.dylib; sourceTree = "<group>"; };
		231CACDA1FFC38810066E694 /* libusb.h */ = {isa = PBXFileReference; lastKnownFileType = sourcecode.c.h; path = libusb.h; sourceTree = "<group>"; };
		231CACDC1FFC38810066E694 /* XnCommon.h */ = {isa = PBXFileReference; lastKnownFileType = sourcecode.c.h; path = XnCommon.h; sourceTree = "<group>"; };
		231CACDD1FFC38810066E694 /* XnV3DVector.h */ = {isa = PBXFileReference; lastKnownFileType = sourcecode.c.h; path = XnV3DVector.h; sourceTree = "<group>"; };
		231CACDE1FFC38810066E694 /* XnVActivationMessage.h */ = {isa = PBXFileReference; lastKnownFileType = sourcecode.c.h; path = XnVActivationMessage.h; sourceTree = "<group>"; };
		231CACDF1FFC38810066E694 /* XnVBroadcaster.h */ = {isa = PBXFileReference; lastKnownFileType = sourcecode.c.h; path = XnVBroadcaster.h; sourceTree = "<group>"; };
		231CACE01FFC38810066E694 /* XnVCCMessage.h */ = {isa = PBXFileReference; lastKnownFileType = sourcecode.c.h; path = XnVCCMessage.h; sourceTree = "<group>"; };
		231CACE11FFC38810066E694 /* XnVCircle.h */ = {isa = PBXFileReference; lastKnownFileType = sourcecode.c.h; path = XnVCircle.h; sourceTree = "<group>"; };
		231CACE21FFC38810066E694 /* XnVCircleDetector.h */ = {isa = PBXFileReference; lastKnownFileType = sourcecode.c.h; path = XnVCircleDetector.h; sourceTree = "<group>"; };
		231CACE31FFC38810066E694 /* XnVClickableVirtualPlane.h */ = {isa = PBXFileReference; lastKnownFileType = sourcecode.c.h; path = XnVClickableVirtualPlane.h; sourceTree = "<group>"; };
		231CACE41FFC38810066E694 /* XnVComplexMessage.h */ = {isa = PBXFileReference; lastKnownFileType = sourcecode.c.h; path = XnVComplexMessage.h; sourceTree = "<group>"; };
		231CACE51FFC38810066E694 /* XnVDepthControl.h */ = {isa = PBXFileReference; lastKnownFileType = sourcecode.c.h; path = XnVDepthControl.h; sourceTree = "<group>"; };
		231CACE61FFC38810066E694 /* XnVDepthGenerator.h */ = {isa = PBXFileReference; lastKnownFileType = sourcecode.c.h; path = XnVDepthGenerator.h; sourceTree = "<group>"; };
		231CACE71FFC38810066E694 /* XnVDepthMessage.h */ = {isa = PBXFileReference; lastKnownFileType = sourcecode.c.h; path = XnVDepthMessage.h; sourceTree = "<group>"; };
		231CACE81FFC38810066E694 /* XnVDeviceControl.h */ = {isa = PBXFileReference; lastKnownFileType = sourcecode.c.h; path = XnVDeviceControl.h; sourceTree = "<group>"; };
		231CACE91FFC38810066E694 /* XnVDeviceFilter.h */ = {isa = PBXFileReference; lastKnownFileType = sourcecode.c.h; path = XnVDeviceFilter.h; sourceTree = "<group>"; };
		231CACEA1FFC38810066E694 /* XnVDeviceGenerator.h */ = {isa = PBXFileReference; lastKnownFileType = sourcecode.c.h; path = XnVDeviceGenerator.h; sourceTree = "<group>"; };
		231CACEB1FFC38810066E694 /* XnVDeviceMessage.h */ = {isa = PBXFileReference; lastKnownFileType = sourcecode.c.h; path = XnVDeviceMessage.h; sourceTree = "<group>"; };
		231CACEC1FFC38810066E694 /* XnVDirection.h */ = {isa = PBXFileReference; lastKnownFileType = sourcecode.c.h; path = XnVDirection.h; sourceTree = "<group>"; };
		231CACED1FFC38810066E694 /* XnVFilter.h */ = {isa = PBXFileReference; lastKnownFileType = sourcecode.c.h; path = XnVFilter.h; sourceTree = "<group>"; };
		231CACEE1FFC38810066E694 /* XnVFlowRouter.h */ = {isa = PBXFileReference; lastKnownFileType = sourcecode.c.h; path = XnVFlowRouter.h; sourceTree = "<group>"; };
		231CACEF1FFC38810066E694 /* XnVGesture.h */ = {isa = PBXFileReference; lastKnownFileType = sourcecode.c.h; path = XnVGesture.h; sourceTree = "<group>"; };
		231CACF01FFC38810066E694 /* XnVHandle.h */ = {isa = PBXFileReference; lastKnownFileType = sourcecode.c.h; path = XnVHandle.h; sourceTree = "<group>"; };
		231CACF11FFC38810066E694 /* XnVHandPointContext.h */ = {isa = PBXFileReference; lastKnownFileType = sourcecode.c.h; path = XnVHandPointContext.h; sourceTree = "<group>"; };
		231CACF21FFC38810066E694 /* XnVImageGenerator.h */ = {isa = PBXFileReference; lastKnownFileType = sourcecode.c.h; path = XnVImageGenerator.h; sourceTree = "<group>"; };
		231CACF31FFC38810066E694 /* XnVImageMessage.h */ = {isa = PBXFileReference; lastKnownFileType = sourcecode.c.h; path = XnVImageMessage.h; sourceTree = "<group>"; };
		231CACF41FFC38810066E694 /* XnVMathCommon.h */ = {isa = PBXFileReference; lastKnownFileType = sourcecode.c.h; path = XnVMathCommon.h; sourceTree = "<group>"; };
		231CACF51FFC38810066E694 /* XnVMessage.h */ = {isa = PBXFileReference; lastKnownFileType = sourcecode.c.h; path = XnVMessage.h; sourceTree = "<group>"; };
		231CACF61FFC38810066E694 /* XnVMessageGenerator.h */ = {isa = PBXFileReference; lastKnownFileType = sourcecode.c.h; path = XnVMessageGenerator.h; sourceTree = "<group>"; };
		231CACF71FFC38810066E694 /* XnVMessageListener.h */ = {isa = PBXFileReference; lastKnownFileType = sourcecode.c.h; path = XnVMessageListener.h; sourceTree = "<group>"; };
		231CACF81FFC38810066E694 /* XnVMessageMux.h */ = {isa = PBXFileReference; lastKnownFileType = sourcecode.c.h; path = XnVMessageMux.h; sourceTree = "<group>"; };
		231CACF91FFC38810066E694 /* XnVMultiItemHysteresis1D.h */ = {isa = PBXFileReference; lastKnownFileType = sourcecode.c.h; path = XnVMultiItemHysteresis1D.h; sourceTree = "<group>"; };
		231CACFA1FFC38810066E694 /* XnVMultiItemHysteresis2D.h */ = {isa = PBXFileReference; lastKnownFileType = sourcecode.c.h; path = XnVMultiItemHysteresis2D.h; sourceTree = "<group>"; };
		231CACFB1FFC38810066E694 /* XnVMultipleHands.h */ = {isa = PBXFileReference; lastKnownFileType = sourcecode.c.h; path = XnVMultipleHands.h; sourceTree = "<group>"; };
		231CACFC1FFC38810066E694 /* XnVMultiProcessFlowClient.h */ = {isa = PBXFileReference; lastKnownFileType = sourcecode.c.h; path = XnVMultiProcessFlowClient.h; sourceTree = "<group>"; };
		231CACFD1FFC38810066E694 /* XnVMultiProcessFlowServer.h */ = {isa = PBXFileReference; lastKnownFileType = sourcecode.c.h; path = XnVMultiProcessFlowServer.h; sourceTree = "<group>"; };
		231CACFE1FFC38810066E694 /* XnVNite.h */ = {isa = PBXFileReference; lastKnownFileType = sourcecode.c.h; path = XnVNite.h; sourceTree = "<group>"; };
		231CACFF1FFC38810066E694 /* XnVNiteControls.h */ = {isa = PBXFileReference; lastKnownFileType = sourcecode.c.h; path = XnVNiteControls.h; sourceTree = "<group>"; };
		231CAD001FFC38810066E694 /* XnVNiteDefs.h */ = {isa = PBXFileReference; lastKnownFileType = sourcecode.c.h; path = XnVNiteDefs.h; sourceTree = "<group>"; };
		231CAD011FFC38810066E694 /* XnVNiteFramework.h */ = {isa = PBXFileReference; lastKnownFileType = sourcecode.c.h; path = XnVNiteFramework.h; sourceTree = "<group>"; };
		231CAD021FFC38810066E694 /* XnVNiteLog.h */ = {isa = PBXFileReference; lastKnownFileType = sourcecode.c.h; path = XnVNiteLog.h; sourceTree = "<group>"; };
		231CAD031FFC38810066E694 /* XnVNiteStatus.h */ = {isa = PBXFileReference; lastKnownFileType = sourcecode.c.h; path = XnVNiteStatus.h; sourceTree = "<group>"; };
		231CAD041FFC38810066E694 /* XnVNiteVersion.h */ = {isa = PBXFileReference; lastKnownFileType = sourcecode.c.h; path = XnVNiteVersion.h; sourceTree = "<group>"; };
		231CAD051FFC38810066E694 /* XnVPointArea.h */ = {isa = PBXFileReference; lastKnownFileType = sourcecode.c.h; path = XnVPointArea.h; sourceTree = "<group>"; };
		231CAD061FFC38810066E694 /* XnVPointControl.h */ = {isa = PBXFileReference; lastKnownFileType = sourcecode.c.h; path = XnVPointControl.h; sourceTree = "<group>"; };
		231CAD071FFC38810066E694 /* XnVPointDenoiser.h */ = {isa = PBXFileReference; lastKnownFileType = sourcecode.c.h; path = XnVPointDenoiser.h; sourceTree = "<group>"; };
		231CAD081FFC38810066E694 /* XnVPointFilter.h */ = {isa = PBXFileReference; lastKnownFileType = sourcecode.c.h; path = XnVPointFilter.h; sourceTree = "<group>"; };
		231CAD091FFC38810066E694 /* XnVPointMessage.h */ = {isa = PBXFileReference; lastKnownFileType = sourcecode.c.h; path = XnVPointMessage.h; sourceTree = "<group>"; };
		231CAD0A1FFC38810066E694 /* XnVPointTracker.h */ = {isa = PBXFileReference; lastKnownFileType = sourcecode.c.h; path = XnVPointTracker.h; sourceTree = "<group>"; };
		231CAD0B1FFC38810066E694 /* XnVPushDetector.h */ = {isa = PBXFileReference; lastKnownFileType = sourcecode.c.h; path = XnVPushDetector.h; sourceTree = "<group>"; };
		231CAD0C1FFC38810066E694 /* XnVSelectableSlider1D.h */ = {isa = PBXFileReference; lastKnownFileType = sourcecode.c.h; path = XnVSelectableSlider1D.h; sourceTree = "<group>"; };
		231CAD0D1FFC38810066E694 /* XnVSelectableSlider2D.h */ = {isa = PBXFileReference; lastKnownFileType = sourcecode.c.h; path = XnVSelectableSlider2D.h; sourceTree = "<group>"; };
		231CAD0E1FFC38810066E694 /* XnVSessionGenerator.h */ = {isa = PBXFileReference; lastKnownFileType = sourcecode.c.h; path = XnVSessionGenerator.h; sourceTree = "<group>"; };
		231CAD0F1FFC38810066E694 /* XnVSessionListener.h */ = {isa = PBXFileReference; lastKnownFileType = sourcecode.c.h; path = XnVSessionListener.h; sourceTree = "<group>"; };
		231CAD101FFC38810066E694 /* XnVSessionManager.h */ = {isa = PBXFileReference; lastKnownFileType = sourcecode.c.h; path = XnVSessionManager.h; sourceTree = "<group>"; };
		231CAD111FFC38810066E694 /* XnVSessionMessage.h */ = {isa = PBXFileReference; lastKnownFileType = sourcecode.c.h; path = XnVSessionMessage.h; sourceTree = "<group>"; };
		231CAD121FFC38810066E694 /* XnVSlider1D.h */ = {isa = PBXFileReference; lastKnownFileType = sourcecode.c.h; path = XnVSlider1D.h; sourceTree = "<group>"; };
		231CAD131FFC38810066E694 /* XnVSlider2D.h */ = {isa = PBXFileReference; lastKnownFileType = sourcecode.c.h; path = XnVSlider2D.h; sourceTree = "<group>"; };
		231CAD141FFC38810066E694 /* XnVSlider3D.h */ = {isa = PBXFileReference; lastKnownFileType = sourcecode.c.h; path = XnVSlider3D.h; sourceTree = "<group>"; };
		231CAD151FFC38810066E694 /* XnVSteadyDetector.h */ = {isa = PBXFileReference; lastKnownFileType = sourcecode.c.h; path = XnVSteadyDetector.h; sourceTree = "<group>"; };
		231CAD161FFC38810066E694 /* XnVSwipeDetector.h */ = {isa = PBXFileReference; lastKnownFileType = sourcecode.c.h; path = XnVSwipeDetector.h; sourceTree = "<group>"; };
		231CAD171FFC38810066E694 /* XnVVirtualCoordinates.h */ = {isa = PBXFileReference; lastKnownFileType = sourcecode.c.h; path = XnVVirtualCoordinates.h; sourceTree = "<group>"; };
		231CAD181FFC38810066E694 /* XnVWaveDetector.h */ = {isa = PBXFileReference; lastKnownFileType = sourcecode.c.h; path = XnVWaveDetector.h; sourceTree = "<group>"; };
		231CAD1B1FFC38810066E694 /* XnPlatformAndroid-Arm.h */ = {isa = PBXFileReference; lastKnownFileType = sourcecode.c.h; path = "XnPlatformAndroid-Arm.h"; sourceTree = "<group>"; };
		231CAD1D1FFC38810066E694 /* XnOSARC.h */ = {isa = PBXFileReference; lastKnownFileType = sourcecode.c.h; path = XnOSARC.h; sourceTree = "<group>"; };
		231CAD1E1FFC38810066E694 /* XnPlatformARC.h */ = {isa = PBXFileReference; lastKnownFileType = sourcecode.c.h; path = XnPlatformARC.h; sourceTree = "<group>"; };
		231CAD1F1FFC38810066E694 /* IXnNodeAllocator.h */ = {isa = PBXFileReference; lastKnownFileType = sourcecode.c.h; path = IXnNodeAllocator.h; sourceTree = "<group>"; };
		231CAD211FFC38810066E694 /* XnPlatformLinux-Arm.h */ = {isa = PBXFileReference; lastKnownFileType = sourcecode.c.h; path = "XnPlatformLinux-Arm.h"; sourceTree = "<group>"; };
		231CAD231FFC38810066E694 /* XnOSLinux-x86.h */ = {isa = PBXFileReference; lastKnownFileType = sourcecode.c.h; path = "XnOSLinux-x86.h"; sourceTree = "<group>"; };
		231CAD241FFC38810066E694 /* XnPlatformLinux-x86.h */ = {isa = PBXFileReference; lastKnownFileType = sourcecode.c.h; path = "XnPlatformLinux-x86.h"; sourceTree = "<group>"; };
		231CAD261FFC38810066E694 /* XnPlatformMacOSX.h */ = {isa = PBXFileReference; lastKnownFileType = sourcecode.c.h; path = XnPlatformMacOSX.h; sourceTree = "<group>"; };
		231CAD281FFC38810066E694 /* usb100.h */ = {isa = PBXFileReference; lastKnownFileType = sourcecode.c.h; path = usb100.h; sourceTree = "<group>"; };
		231CAD291FFC38810066E694 /* XnOSWin32.h */ = {isa = PBXFileReference; lastKnownFileType = sourcecode.c.h; path = XnOSWin32.h; sourceTree = "<group>"; };
		231CAD2A1FFC38810066E694 /* XnPlatformWin32.h */ = {isa = PBXFileReference; lastKnownFileType = sourcecode.c.h; path = XnPlatformWin32.h; sourceTree = "<group>"; };
		231CAD2B1FFC38810066E694 /* XnAlgorithms.h */ = {isa = PBXFileReference; lastKnownFileType = sourcecode.c.h; path = XnAlgorithms.h; sourceTree = "<group>"; };
		231CAD2C1FFC38810066E694 /* XnArray.h */ = {isa = PBXFileReference; lastKnownFileType = sourcecode.c.h; path = XnArray.h; sourceTree = "<group>"; };
		231CAD2D1FFC38810066E694 /* XnBaseNode.h */ = {isa = PBXFileReference; lastKnownFileType = sourcecode.c.h; path = XnBaseNode.h; sourceTree = "<group>"; };
		231CAD2E1FFC38810066E694 /* XnBitSet.h */ = {isa = PBXFileReference; lastKnownFileType = sourcecode.c.h; path = XnBitSet.h; sourceTree = "<group>"; };
		231CAD2F1FFC38810066E694 /* XnCallback.h */ = {isa = PBXFileReference; lastKnownFileType = sourcecode.c.h; path = XnCallback.h; sourceTree = "<group>"; };
		231CAD301FFC38810066E694 /* XnCodecIDs.h */ = {isa = PBXFileReference; lastKnownFileType = sourcecode.c.h; path = XnCodecIDs.h; sourceTree = "<group>"; };
		231CAD311FFC38810066E694 /* XnContext.h */ = {isa = PBXFileReference; lastKnownFileType = sourcecode.c.h; path = XnContext.h; sourceTree = "<group>"; };
		231CAD321FFC38810066E694 /* XnCppWrapper.h */ = {isa = PBXFileReference; lastKnownFileType = sourcecode.c.h; path = XnCppWrapper.h; sourceTree = "<group>"; };
		231CAD331FFC38810066E694 /* XnDataTypes.h */ = {isa = PBXFileReference; lastKnownFileType = sourcecode.c.h; path = XnDataTypes.h; sourceTree = "<group>"; };
		231CAD341FFC38810066E694 /* XnDerivedCast.h */ = {isa = PBXFileReference; lastKnownFileType = sourcecode.c.h; path = XnDerivedCast.h; sourceTree = "<group>"; };
		231CAD351FFC38810066E694 /* XnDump.h */ = {isa = PBXFileReference; lastKnownFileType = sourcecode.c.h; path = XnDump.h; sourceTree = "<group>"; };
		231CAD361FFC38810066E694 /* XnDumpWriters.h */ = {isa = PBXFileReference; lastKnownFileType = sourcecode.c.h; path = XnDumpWriters.h; sourceTree = "<group>"; };
		231CAD371FFC38810066E694 /* XnEnumerationErrors.h */ = {isa = PBXFileReference; lastKnownFileType = sourcecode.c.h; path = XnEnumerationErrors.h; sourceTree = "<group>"; };
		231CAD381FFC38810066E694 /* XnEvent.h */ = {isa = PBXFileReference; lastKnownFileType = sourcecode.c.h; path = XnEvent.h; sourceTree = "<group>"; };
		231CAD391FFC38810066E694 /* XnFPSCalculator.h */ = {isa = PBXFileReference; lastKnownFileType = sourcecode.c.h; path = XnFPSCalculator.h; sourceTree = "<group>"; };
		231CAD3A1FFC38810066E694 /* XnGeneralBuffer.h */ = {isa = PBXFileReference; lastKnownFileType = sourcecode.c.h; path = XnGeneralBuffer.h; sourceTree = "<group>"; };
		231CAD3B1FFC38810066E694 /* XnHash.h */ = {isa = PBXFileReference; lastKnownFileType = sourcecode.c.h; path = XnHash.h; sourceTree = "<group>"; };
		231CAD3C1FFC38810066E694 /* XnInternalDefs.h */ = {isa = PBXFileReference; lastKnownFileType = sourcecode.c.h; path = XnInternalDefs.h; sourceTree = "<group>"; };
		231CAD3D1FFC38810066E694 /* XnLicensing.h */ = {isa = PBXFileReference; lastKnownFileType = sourcecode.c.h; path = XnLicensing.h; sourceTree = "<group>"; };
		231CAD3E1FFC38810066E694 /* XnList.h */ = {isa = PBXFileReference; lastKnownFileType = sourcecode.c.h; path = XnList.h; sourceTree = "<group>"; };
		231CAD3F1FFC38810066E694 /* XnLog.h */ = {isa = PBXFileReference; lastKnownFileType = sourcecode.c.h; path = XnLog.h; sourceTree = "<group>"; };
		231CAD401FFC38810066E694 /* XnLogTypes.h */ = {isa = PBXFileReference; lastKnownFileType = sourcecode.c.h; path = XnLogTypes.h; sourceTree = "<group>"; };
		231CAD411FFC38810066E694 /* XnLogWriterBase.h */ = {isa = PBXFileReference; lastKnownFileType = sourcecode.c.h; path = XnLogWriterBase.h; sourceTree = "<group>"; };
		231CAD421FFC38810066E694 /* XnMacros.h */ = {isa = PBXFileReference; lastKnownFileType = sourcecode.c.h; path = XnMacros.h; sourceTree = "<group>"; };
		231CAD431FFC38810066E694 /* XnModuleCFunctions.h */ = {isa = PBXFileReference; lastKnownFileType = sourcecode.c.h; path = XnModuleCFunctions.h; sourceTree = "<group>"; };
		231CAD441FFC38810066E694 /* XnModuleCppInterface.h */ = {isa = PBXFileReference; lastKnownFileType = sourcecode.c.h; path = XnModuleCppInterface.h; sourceTree = "<group>"; };
		231CAD451FFC38810066E694 /* XnModuleCppRegistratration.h */ = {isa = PBXFileReference; lastKnownFileType = sourcecode.c.h; path = XnModuleCppRegistratration.h; sourceTree = "<group>"; };
		231CAD461FFC38810066E694 /* XnModuleInterface.h */ = {isa = PBXFileReference; lastKnownFileType = sourcecode.c.h; path = XnModuleInterface.h; sourceTree = "<group>"; };
		231CAD471FFC38810066E694 /* XnNode.h */ = {isa = PBXFileReference; lastKnownFileType = sourcecode.c.h; path = XnNode.h; sourceTree = "<group>"; };
		231CAD481FFC38810066E694 /* XnNodeAllocator.h */ = {isa = PBXFileReference; lastKnownFileType = sourcecode.c.h; path = XnNodeAllocator.h; sourceTree = "<group>"; };
		231CAD491FFC38810066E694 /* XnOpenNI.h */ = {isa = PBXFileReference; lastKnownFileType = sourcecode.c.h; path = XnOpenNI.h; sourceTree = "<group>"; };
		231CAD4A1FFC38810066E694 /* XnOS.h */ = {isa = PBXFileReference; lastKnownFileType = sourcecode.c.h; path = XnOS.h; sourceTree = "<group>"; };
		231CAD4B1FFC38810066E694 /* XnOSCpp.h */ = {isa = PBXFileReference; lastKnownFileType = sourcecode.c.h; path = XnOSCpp.h; sourceTree = "<group>"; };
		231CAD4C1FFC38810066E694 /* XnOSMemory.h */ = {isa = PBXFileReference; lastKnownFileType = sourcecode.c.h; path = XnOSMemory.h; sourceTree = "<group>"; };
		231CAD4D1FFC38810066E694 /* XnOSStrings.h */ = {isa = PBXFileReference; lastKnownFileType = sourcecode.c.h; path = XnOSStrings.h; sourceTree = "<group>"; };
		231CAD4E1FFC38810066E694 /* XnPlatform.h */ = {isa = PBXFileReference; lastKnownFileType = sourcecode.c.h; path = XnPlatform.h; sourceTree = "<group>"; };
		231CAD4F1FFC38810066E694 /* XnPrdNode.h */ = {isa = PBXFileReference; lastKnownFileType = sourcecode.c.h; path = XnPrdNode.h; sourceTree = "<group>"; };
		231CAD501FFC38810066E694 /* XnPrdNodeInfo.h */ = {isa = PBXFileReference; lastKnownFileType = sourcecode.c.h; path = XnPrdNodeInfo.h; sourceTree = "<group>"; };
		231CAD511FFC38810066E694 /* XnPrdNodeInfoList.h */ = {isa = PBXFileReference; lastKnownFileType = sourcecode.c.h; path = XnPrdNodeInfoList.h; sourceTree = "<group>"; };
		231CAD521FFC38810066E694 /* XnProfiling.h */ = {isa = PBXFileReference; lastKnownFileType = sourcecode.c.h; path = XnProfiling.h; sourceTree = "<group>"; };
		231CAD531FFC38810066E694 /* XnPropNames.h */ = {isa = PBXFileReference; lastKnownFileType = sourcecode.c.h; path = XnPropNames.h; sourceTree = "<group>"; };
		231CAD541FFC38810066E694 /* XnQueries.h */ = {isa = PBXFileReference; lastKnownFileType = sourcecode.c.h; path = XnQueries.h; sourceTree = "<group>"; };
		231CAD551FFC38810066E694 /* XnQueue.h */ = {isa = PBXFileReference; lastKnownFileType = sourcecode.c.h; path = XnQueue.h; sourceTree = "<group>"; };
		231CAD561FFC38810066E694 /* XnScheduler.h */ = {isa = PBXFileReference; lastKnownFileType = sourcecode.c.h; path = XnScheduler.h; sourceTree = "<group>"; };
		231CAD571FFC38810066E694 /* XnStack.h */ = {isa = PBXFileReference; lastKnownFileType = sourcecode.c.h; path = XnStack.h; sourceTree = "<group>"; };
		231CAD581FFC38810066E694 /* XnStatus.h */ = {isa = PBXFileReference; lastKnownFileType = sourcecode.c.h; path = XnStatus.h; sourceTree = "<group>"; };
		231CAD591FFC38810066E694 /* XnStatusCodes.h */ = {isa = PBXFileReference; lastKnownFileType = sourcecode.c.h; path = XnStatusCodes.h; sourceTree = "<group>"; };
		231CAD5A1FFC38810066E694 /* XnStatusRegister.h */ = {isa = PBXFileReference; lastKnownFileType = sourcecode.c.h; path = XnStatusRegister.h; sourceTree = "<group>"; };
		231CAD5B1FFC38810066E694 /* XnStringsHash.h */ = {isa = PBXFileReference; lastKnownFileType = sourcecode.c.h; path = XnStringsHash.h; sourceTree = "<group>"; };
		231CAD5C1FFC38810066E694 /* XnThreadSafeQueue.h */ = {isa = PBXFileReference; lastKnownFileType = sourcecode.c.h; path = XnThreadSafeQueue.h; sourceTree = "<group>"; };
		231CAD5D1FFC38810066E694 /* XnTypes.h */ = {isa = PBXFileReference; lastKnownFileType = sourcecode.c.h; path = XnTypes.h; sourceTree = "<group>"; };
		231CAD5E1FFC38810066E694 /* XnUSB.h */ = {isa = PBXFileReference; lastKnownFileType = sourcecode.c.h; path = XnUSB.h; sourceTree = "<group>"; };
		231CAD5F1FFC38810066E694 /* XnUSBDevice.h */ = {isa = PBXFileReference; lastKnownFileType = sourcecode.c.h; path = XnUSBDevice.h; sourceTree = "<group>"; };
		231CAD601FFC38810066E694 /* XnUtils.h */ = {isa = PBXFileReference; lastKnownFileType = sourcecode.c.h; path = XnUtils.h; sourceTree = "<group>"; };
		231CAD611FFC38810066E694 /* XnVersion.h */ = {isa = PBXFileReference; lastKnownFileType = sourcecode.c.h; path = XnVersion.h; sourceTree = "<group>"; };
		231CAD621FFC38B10066E694 /* libOpenNI.dylib */ = {isa = PBXFileReference; lastKnownFileType = "compiled.mach-o.dylib"; name = libOpenNI.dylib; path = ../../../addons/ofxOpenNi/lib/libOpenNI.dylib; sourceTree = "<group>"; };
		41D8677E542CE435D0746946 /* ofxOpenNITypes.cpp */ = {isa = PBXFileReference; explicitFileType = sourcecode.cpp.cpp; fileEncoding = 30; name = ofxOpenNITypes.cpp; path = ../../../addons/ofxOpenNi/src/ofxOpenNITypes.cpp; sourceTree = SOURCE_ROOT; };
		480D0861F3944EC58189575E /* ofxOpenNIUtils.h */ = {isa = PBXFileReference; explicitFileType = sourcecode.c.h; fileEncoding = 30; name = ofxOpenNIUtils.h; path = ../../../addons/ofxOpenNi/src/ofxOpenNIUtils.h; sourceTree = SOURCE_ROOT; };
		76379EC64132C417060A72DE /* ofxOpenNI.cpp */ = {isa = PBXFileReference; explicitFileType = sourcecode.cpp.cpp; fileEncoding = 30; name = ofxOpenNI.cpp; path = ../../../addons/ofxOpenNi/src/ofxOpenNI.cpp; sourceTree = SOURCE_ROOT; };
		8E7F9D595111E495DFD93B11 /* ofxOpenNITypes.h */ = {isa = PBXFileReference; explicitFileType = sourcecode.c.h; fileEncoding = 30; name = ofxOpenNITypes.h; path = ../../../addons/ofxOpenNi/src/ofxOpenNITypes.h; sourceTree = SOURCE_ROOT; };
		E4328143138ABC890047C5CB /* openFrameworksLib.xcodeproj */ = {isa = PBXFileReference; lastKnownFileType = "wrapper.pb-project"; name = openFrameworksLib.xcodeproj; path = ../../../libs/openFrameworksCompiled/project/osx/openFrameworksLib.xcodeproj; sourceTree = SOURCE_ROOT; };
		E4B69B5B0A3A1756003C02F2 /* SkeletonTestDebug.app */ = {isa = PBXFileReference; explicitFileType = wrapper.application; includeInIndex = 0; path = SkeletonTestDebug.app; sourceTree = BUILT_PRODUCTS_DIR; };
		E4B69E1D0A3A1BDC003C02F2 /* main.cpp */ = {isa = PBXFileReference; fileEncoding = 30; lastKnownFileType = sourcecode.cpp.cpp; name = main.cpp; path = src/main.cpp; sourceTree = SOURCE_ROOT; };
		E4B69E1E0A3A1BDC003C02F2 /* ofApp.cpp */ = {isa = PBXFileReference; explicitFileType = sourcecode.cpp.cpp; fileEncoding = 30; name = ofApp.cpp; path = src/ofApp.cpp; sourceTree = SOURCE_ROOT; };
		E4B69E1F0A3A1BDC003C02F2 /* ofApp.h */ = {isa = PBXFileReference; fileEncoding = 30; lastKnownFileType = sourcecode.c.h; name = ofApp.h; path = src/ofApp.h; sourceTree = SOURCE_ROOT; };
		E4B6FCAD0C3E899E008CF71C /* openFrameworks-Info.plist */ = {isa = PBXFileReference; fileEncoding = 30; lastKnownFileType = text.plist.xml; path = "openFrameworks-Info.plist"; sourceTree = "<group>"; };
		E4EB691F138AFCF100A09F29 /* CoreOF.xcconfig */ = {isa = PBXFileReference; fileEncoding = 4; lastKnownFileType = text.xcconfig; name = CoreOF.xcconfig; path = ../../../libs/openFrameworksCompiled/project/osx/CoreOF.xcconfig; sourceTree = SOURCE_ROOT; };
		E4EB6923138AFD0F00A09F29 /* Project.xcconfig */ = {isa = PBXFileReference; fileEncoding = 4; lastKnownFileType = text.xcconfig; path = Project.xcconfig; sourceTree = "<group>"; };
		EF6D9804F0AE57AD71683C80 /* ofxOpenNI.h */ = {isa = PBXFileReference; explicitFileType = sourcecode.c.h; fileEncoding = 30; name = ofxOpenNI.h; path = ../../../addons/ofxOpenNi/src/ofxOpenNI.h; sourceTree = SOURCE_ROOT; };
/* End PBXFileReference section */

/* Begin PBXFrameworksBuildPhase section */
		E4B69B590A3A1756003C02F2 /* Frameworks */ = {
			isa = PBXFrameworksBuildPhase;
			buildActionMask = 2147483647;
			files = (
				E4328149138ABC9F0047C5CB /* openFrameworksDebug.a in Frameworks */,
				231CAD631FFC38B10066E694 /* libOpenNI.dylib in Frameworks */,
			);
			runOnlyForDeploymentPostprocessing = 0;
		};
/* End PBXFrameworksBuildPhase section */

/* Begin PBXGroup section */
		1DC99A8D77A69856662907F3 /* src */ = {
			isa = PBXGroup;
			children = (
				76379EC64132C417060A72DE /* ofxOpenNI.cpp */,
				EF6D9804F0AE57AD71683C80 /* ofxOpenNI.h */,
				41D8677E542CE435D0746946 /* ofxOpenNITypes.cpp */,
				8E7F9D595111E495DFD93B11 /* ofxOpenNITypes.h */,
				480D0861F3944EC58189575E /* ofxOpenNIUtils.h */,
			);
			name = src;
			sourceTree = "<group>";
		};
		231CACC81FFC38810066E694 /* lib */ = {
			isa = PBXGroup;
			children = (
				231CACC91FFC38810066E694 /* change_exec_paths.sh */,
				231CACCA1FFC38810066E694 /* libnimCodecs.dylib */,
				231CACCB1FFC38810066E694 /* libnimMockNodes.dylib */,
				231CACCC1FFC38810066E694 /* libnimRecorder.dylib */,
				231CACCD1FFC38810066E694 /* libOpenNI.dylib */,
				231CACCE1FFC38810066E694 /* libusb-1.0.0.dylib */,
				231CACCF1FFC38810066E694 /* libXnCore.dylib */,
				231CACD01FFC38810066E694 /* libXnDDK.dylib */,
				231CACD11FFC38810066E694 /* libXnDeviceFile.dylib */,
				231CACD21FFC38810066E694 /* libXnDeviceSensorV2KM.dylib */,
				231CACD31FFC38810066E694 /* libXnFormats.dylib */,
				231CACD41FFC38810066E694 /* libXnVCNITE_1_5_2.dylib */,
				231CACD51FFC38810066E694 /* libXnVFeatures_1_5_2.dylib */,
				231CACD61FFC38810066E694 /* libXnVHandGenerator_1_5_2.dylib */,
				231CACD71FFC38810066E694 /* libXnVNite_1_5_2.dylib */,
			);
			name = lib;
			path = ../../../addons/ofxOpenNi/lib;
			sourceTree = "<group>";
		};
		231CACD81FFC38810066E694 /* include */ = {
			isa = PBXGroup;
			children = (
				231CACD91FFC38810066E694 /* libusb */,
				231CACDB1FFC38810066E694 /* nite */,
				231CAD191FFC38810066E694 /* openni */,
			);
			name = include;
			path = ../../../addons/ofxOpenNi/include;
			sourceTree = "<group>";
		};
		231CACD91FFC38810066E694 /* libusb */ = {
			isa = PBXGroup;
			children = (
				231CACDA1FFC38810066E694 /* libusb.h */,
			);
			path = libusb;
			sourceTree = "<group>";
		};
		231CACDB1FFC38810066E694 /* nite */ = {
			isa = PBXGroup;
			children = (
				231CACDC1FFC38810066E694 /* XnCommon.h */,
				231CACDD1FFC38810066E694 /* XnV3DVector.h */,
				231CACDE1FFC38810066E694 /* XnVActivationMessage.h */,
				231CACDF1FFC38810066E694 /* XnVBroadcaster.h */,
				231CACE01FFC38810066E694 /* XnVCCMessage.h */,
				231CACE11FFC38810066E694 /* XnVCircle.h */,
				231CACE21FFC38810066E694 /* XnVCircleDetector.h */,
				231CACE31FFC38810066E694 /* XnVClickableVirtualPlane.h */,
				231CACE41FFC38810066E694 /* XnVComplexMessage.h */,
				231CACE51FFC38810066E694 /* XnVDepthControl.h */,
				231CACE61FFC38810066E694 /* XnVDepthGenerator.h */,
				231CACE71FFC38810066E694 /* XnVDepthMessage.h */,
				231CACE81FFC38810066E694 /* XnVDeviceControl.h */,
				231CACE91FFC38810066E694 /* XnVDeviceFilter.h */,
				231CACEA1FFC38810066E694 /* XnVDeviceGenerator.h */,
				231CACEB1FFC38810066E694 /* XnVDeviceMessage.h */,
				231CACEC1FFC38810066E694 /* XnVDirection.h */,
				231CACED1FFC38810066E694 /* XnVFilter.h */,
				231CACEE1FFC38810066E694 /* XnVFlowRouter.h */,
				231CACEF1FFC38810066E694 /* XnVGesture.h */,
				231CACF01FFC38810066E694 /* XnVHandle.h */,
				231CACF11FFC38810066E694 /* XnVHandPointContext.h */,
				231CACF21FFC38810066E694 /* XnVImageGenerator.h */,
				231CACF31FFC38810066E694 /* XnVImageMessage.h */,
				231CACF41FFC38810066E694 /* XnVMathCommon.h */,
				231CACF51FFC38810066E694 /* XnVMessage.h */,
				231CACF61FFC38810066E694 /* XnVMessageGenerator.h */,
				231CACF71FFC38810066E694 /* XnVMessageListener.h */,
				231CACF81FFC38810066E694 /* XnVMessageMux.h */,
				231CACF91FFC38810066E694 /* XnVMultiItemHysteresis1D.h */,
				231CACFA1FFC38810066E694 /* XnVMultiItemHysteresis2D.h */,
				231CACFB1FFC38810066E694 /* XnVMultipleHands.h */,
				231CACFC1FFC38810066E694 /* XnVMultiProcessFlowClient.h */,
				231CACFD1FFC38810066E694 /* XnVMultiProcessFlowServer.h */,
				231CACFE1FFC38810066E694 /* XnVNite.h */,
				231CACFF1FFC38810066E694 /* XnVNiteControls.h */,
				231CAD001FFC38810066E694 /* XnVNiteDefs.h */,
				231CAD011FFC38810066E694 /* XnVNiteFramework.h */,
				231CAD021FFC38810066E694 /* XnVNiteLog.h */,
				231CAD031FFC38810066E694 /* XnVNiteStatus.h */,
				231CAD041FFC38810066E694 /* XnVNiteVersion.h */,
				231CAD051FFC38810066E694 /* XnVPointArea.h */,
				231CAD061FFC38810066E694 /* XnVPointControl.h */,
				231CAD071FFC38810066E694 /* XnVPointDenoiser.h */,
				231CAD081FFC38810066E694 /* XnVPointFilter.h */,
				231CAD091FFC38810066E694 /* XnVPointMessage.h */,
				231CAD0A1FFC38810066E694 /* XnVPointTracker.h */,
				231CAD0B1FFC38810066E694 /* XnVPushDetector.h */,
				231CAD0C1FFC38810066E694 /* XnVSelectableSlider1D.h */,
				231CAD0D1FFC38810066E694 /* XnVSelectableSlider2D.h */,
				231CAD0E1FFC38810066E694 /* XnVSessionGenerator.h */,
				231CAD0F1FFC38810066E694 /* XnVSessionListener.h */,
				231CAD101FFC38810066E694 /* XnVSessionManager.h */,
				231CAD111FFC38810066E694 /* XnVSessionMessage.h */,
				231CAD121FFC38810066E694 /* XnVSlider1D.h */,
				231CAD131FFC38810066E694 /* XnVSlider2D.h */,
				231CAD141FFC38810066E694 /* XnVSlider3D.h */,
				231CAD151FFC38810066E694 /* XnVSteadyDetector.h */,
				231CAD161FFC38810066E694 /* XnVSwipeDetector.h */,
				231CAD171FFC38810066E694 /* XnVVirtualCoordinates.h */,
				231CAD181FFC38810066E694 /* XnVWaveDetector.h */,
			);
			path = nite;
			sourceTree = "<group>";
		};
		231CAD191FFC38810066E694 /* openni */ = {
			isa = PBXGroup;
			children = (
				231CAD1A1FFC38810066E694 /* Android-Arm */,
				231CAD1C1FFC38810066E694 /* ARC */,
				231CAD1F1FFC38810066E694 /* IXnNodeAllocator.h */,
				231CAD201FFC38810066E694 /* Linux-Arm */,
				231CAD221FFC38810066E694 /* Linux-x86 */,
				231CAD251FFC38810066E694 /* MacOSX */,
				231CAD271FFC38810066E694 /* Win32 */,
				231CAD2B1FFC38810066E694 /* XnAlgorithms.h */,
				231CAD2C1FFC38810066E694 /* XnArray.h */,
				231CAD2D1FFC38810066E694 /* XnBaseNode.h */,
				231CAD2E1FFC38810066E694 /* XnBitSet.h */,
				231CAD2F1FFC38810066E694 /* XnCallback.h */,
				231CAD301FFC38810066E694 /* XnCodecIDs.h */,
				231CAD311FFC38810066E694 /* XnContext.h */,
				231CAD321FFC38810066E694 /* XnCppWrapper.h */,
				231CAD331FFC38810066E694 /* XnDataTypes.h */,
				231CAD341FFC38810066E694 /* XnDerivedCast.h */,
				231CAD351FFC38810066E694 /* XnDump.h */,
				231CAD361FFC38810066E694 /* XnDumpWriters.h */,
				231CAD371FFC38810066E694 /* XnEnumerationErrors.h */,
				231CAD381FFC38810066E694 /* XnEvent.h */,
				231CAD391FFC38810066E694 /* XnFPSCalculator.h */,
				231CAD3A1FFC38810066E694 /* XnGeneralBuffer.h */,
				231CAD3B1FFC38810066E694 /* XnHash.h */,
				231CAD3C1FFC38810066E694 /* XnInternalDefs.h */,
				231CAD3D1FFC38810066E694 /* XnLicensing.h */,
				231CAD3E1FFC38810066E694 /* XnList.h */,
				231CAD3F1FFC38810066E694 /* XnLog.h */,
				231CAD401FFC38810066E694 /* XnLogTypes.h */,
				231CAD411FFC38810066E694 /* XnLogWriterBase.h */,
				231CAD421FFC38810066E694 /* XnMacros.h */,
				231CAD431FFC38810066E694 /* XnModuleCFunctions.h */,
				231CAD441FFC38810066E694 /* XnModuleCppInterface.h */,
				231CAD451FFC38810066E694 /* XnModuleCppRegistratration.h */,
				231CAD461FFC38810066E694 /* XnModuleInterface.h */,
				231CAD471FFC38810066E694 /* XnNode.h */,
				231CAD481FFC38810066E694 /* XnNodeAllocator.h */,
				231CAD491FFC38810066E694 /* XnOpenNI.h */,
				231CAD4A1FFC38810066E694 /* XnOS.h */,
				231CAD4B1FFC38810066E694 /* XnOSCpp.h */,
				231CAD4C1FFC38810066E694 /* XnOSMemory.h */,
				231CAD4D1FFC38810066E694 /* XnOSStrings.h */,
				231CAD4E1FFC38810066E694 /* XnPlatform.h */,
				231CAD4F1FFC38810066E694 /* XnPrdNode.h */,
				231CAD501FFC38810066E694 /* XnPrdNodeInfo.h */,
				231CAD511FFC38810066E694 /* XnPrdNodeInfoList.h */,
				231CAD521FFC38810066E694 /* XnProfiling.h */,
				231CAD531FFC38810066E694 /* XnPropNames.h */,
				231CAD541FFC38810066E694 /* XnQueries.h */,
				231CAD551FFC38810066E694 /* XnQueue.h */,
				231CAD561FFC38810066E694 /* XnScheduler.h */,
				231CAD571FFC38810066E694 /* XnStack.h */,
				231CAD581FFC38810066E694 /* XnStatus.h */,
				231CAD591FFC38810066E694 /* XnStatusCodes.h */,
				231CAD5A1FFC38810066E694 /* XnStatusRegister.h */,
				231CAD5B1FFC38810066E694 /* XnStringsHash.h */,
				231CAD5C1FFC38810066E694 /* XnThreadSafeQueue.h */,
				231CAD5D1FFC38810066E694 /* XnTypes.h */,
				231CAD5E1FFC38810066E694 /* XnUSB.h */,
				231CAD5F1FFC38810066E694 /* XnUSBDevice.h */,
				231CAD601FFC38810066E694 /* XnUtils.h */,
				231CAD611FFC38810066E694 /* XnVersion.h */,
			);
			path = openni;
			sourceTree = "<group>";
		};
		231CAD1A1FFC38810066E694 /* Android-Arm */ = {
			isa = PBXGroup;
			children = (
				231CAD1B1FFC38810066E694 /* XnPlatformAndroid-Arm.h */,
			);
			path = "Android-Arm";
			sourceTree = "<group>";
		};
		231CAD1C1FFC38810066E694 /* ARC */ = {
			isa = PBXGroup;
			children = (
				231CAD1D1FFC38810066E694 /* XnOSARC.h */,
				231CAD1E1FFC38810066E694 /* XnPlatformARC.h */,
			);
			path = ARC;
			sourceTree = "<group>";
		};
		231CAD201FFC38810066E694 /* Linux-Arm */ = {
			isa = PBXGroup;
			children = (
				231CAD211FFC38810066E694 /* XnPlatformLinux-Arm.h */,
			);
			path = "Linux-Arm";
			sourceTree = "<group>";
		};
		231CAD221FFC38810066E694 /* Linux-x86 */ = {
			isa = PBXGroup;
			children = (
				231CAD231FFC38810066E694 /* XnOSLinux-x86.h */,
				231CAD241FFC38810066E694 /* XnPlatformLinux-x86.h */,
			);
			path = "Linux-x86";
			sourceTree = "<group>";
		};
		231CAD251FFC38810066E694 /* MacOSX */ = {
			isa = PBXGroup;
			children = (
				231CAD261FFC38810066E694 /* XnPlatformMacOSX.h */,
			);
			path = MacOSX;
			sourceTree = "<group>";
		};
		231CAD271FFC38810066E694 /* Win32 */ = {
			isa = PBXGroup;
			children = (
				231CAD281FFC38810066E694 /* usb100.h */,
				231CAD291FFC38810066E694 /* XnOSWin32.h */,
				231CAD2A1FFC38810066E694 /* XnPlatformWin32.h */,
			);
			path = Win32;
			sourceTree = "<group>";
		};
		6948EE371B920CB800B5AC1A /* local_addons */ = {
			isa = PBXGroup;
			children = (
			);
			name = local_addons;
			sourceTree = "<group>";
		};
		94FCAA834B7238BE14CA7FD9 /* ofxOpenNi */ = {
			isa = PBXGroup;
			children = (
				1DC99A8D77A69856662907F3 /* src */,
			);
			name = ofxOpenNi;
			sourceTree = "<group>";
		};
		BB4B014C10F69532006C3DED /* addons */ = {
			isa = PBXGroup;
			children = (
				231CACD81FFC38810066E694 /* include */,
				231CACC81FFC38810066E694 /* lib */,
				94FCAA834B7238BE14CA7FD9 /* ofxOpenNi */,
			);
			name = addons;
			sourceTree = "<group>";
		};
		E4328144138ABC890047C5CB /* Products */ = {
			isa = PBXGroup;
			children = (
				E4328148138ABC890047C5CB /* openFrameworksDebug.a */,
			);
			name = Products;
			sourceTree = "<group>";
		};
		E4B69B4A0A3A1720003C02F2 = {
			isa = PBXGroup;
			children = (
				231CAD621FFC38B10066E694 /* libOpenNI.dylib */,
				E4B6FCAD0C3E899E008CF71C /* openFrameworks-Info.plist */,
				E4EB6923138AFD0F00A09F29 /* Project.xcconfig */,
				E4B69E1C0A3A1BDC003C02F2 /* src */,
				E4EEC9E9138DF44700A80321 /* openFrameworks */,
				BB4B014C10F69532006C3DED /* addons */,
				6948EE371B920CB800B5AC1A /* local_addons */,
				E4B69B5B0A3A1756003C02F2 /* SkeletonTestDebug.app */,
			);
			sourceTree = "<group>";
		};
		E4B69E1C0A3A1BDC003C02F2 /* src */ = {
			isa = PBXGroup;
			children = (
				E4B69E1D0A3A1BDC003C02F2 /* main.cpp */,
				E4B69E1E0A3A1BDC003C02F2 /* ofApp.cpp */,
				E4B69E1F0A3A1BDC003C02F2 /* ofApp.h */,
			);
			path = src;
			sourceTree = SOURCE_ROOT;
		};
		E4EEC9E9138DF44700A80321 /* openFrameworks */ = {
			isa = PBXGroup;
			children = (
				E4328143138ABC890047C5CB /* openFrameworksLib.xcodeproj */,
				E4EB691F138AFCF100A09F29 /* CoreOF.xcconfig */,
			);
			name = openFrameworks;
			sourceTree = "<group>";
		};
/* End PBXGroup section */

/* Begin PBXNativeTarget section */
		E4B69B5A0A3A1756003C02F2 /* SkeletonTest */ = {
			isa = PBXNativeTarget;
			buildConfigurationList = E4B69B5F0A3A1757003C02F2 /* Build configuration list for PBXNativeTarget "SkeletonTest" */;
			buildPhases = (
				E4B69B580A3A1756003C02F2 /* Sources */,
				E4B69B590A3A1756003C02F2 /* Frameworks */,
				E4B6FFFD0C3F9AB9008CF71C /* ShellScript */,
				E4C2427710CC5ABF004149E2 /* CopyFiles */,
			);
			buildRules = (
			);
			dependencies = (
				E4EEB9AC138B136A00A80321 /* PBXTargetDependency */,
			);
			name = SkeletonTest;
			productName = myOFApp;
			productReference = E4B69B5B0A3A1756003C02F2 /* SkeletonTestDebug.app */;
			productType = "com.apple.product-type.application";
		};
/* End PBXNativeTarget section */

/* Begin PBXProject section */
		E4B69B4C0A3A1720003C02F2 /* Project object */ = {
			isa = PBXProject;
			attributes = {
				LastUpgradeCheck = 0600;
			};
			buildConfigurationList = E4B69B4D0A3A1720003C02F2 /* Build configuration list for PBXProject "SkeletonTest" */;
			compatibilityVersion = "Xcode 3.2";
			developmentRegion = English;
			hasScannedForEncodings = 0;
			knownRegions = (
				English,
				Japanese,
				French,
				German,
			);
			mainGroup = E4B69B4A0A3A1720003C02F2;
			productRefGroup = E4B69B4A0A3A1720003C02F2;
			projectDirPath = "";
			projectReferences = (
				{
					ProductGroup = E4328144138ABC890047C5CB /* Products */;
					ProjectRef = E4328143138ABC890047C5CB /* openFrameworksLib.xcodeproj */;
				},
			);
			projectRoot = "";
			targets = (
				E4B69B5A0A3A1756003C02F2 /* SkeletonTest */,
			);
		};
/* End PBXProject section */

/* Begin PBXReferenceProxy section */
		E4328148138ABC890047C5CB /* openFrameworksDebug.a */ = {
			isa = PBXReferenceProxy;
			fileType = archive.ar;
			path = openFrameworksDebug.a;
			remoteRef = E4328147138ABC890047C5CB /* PBXContainerItemProxy */;
			sourceTree = BUILT_PRODUCTS_DIR;
		};
/* End PBXReferenceProxy section */

/* Begin PBXShellScriptBuildPhase section */
		E4B6FFFD0C3F9AB9008CF71C /* ShellScript */ = {
			isa = PBXShellScriptBuildPhase;
			buildActionMask = 2147483647;
			files = (
			);
			inputPaths = (
			);
			outputPaths = (
			);
			runOnlyForDeploymentPostprocessing = 0;
			shellPath = /bin/sh;
			shellScript = "mkdir -p \"$TARGET_BUILD_DIR/$PRODUCT_NAME.app/Contents/Resources/\"\n# Copy default icon file into App/Resources\nrsync -aved \"$ICON_FILE\" \"$TARGET_BUILD_DIR/$PRODUCT_NAME.app/Contents/Resources/\"\n# Copy libfmod and change install directory for fmod to run\nrsync -aved ../../../libs/fmodex/lib/osx/libfmodex.dylib \"$TARGET_BUILD_DIR/$PRODUCT_NAME.app/Contents/Frameworks/\";\ninstall_name_tool -change @executable_path/libfmodex.dylib @executable_path/../Frameworks/libfmodex.dylib \"$TARGET_BUILD_DIR/$PRODUCT_NAME.app/Contents/MacOS/$PRODUCT_NAME\";\n# Copy GLUT framework (must remove for AppStore submissions)\nrsync -aved ../../../libs/glut/lib/osx/GLUT.framework \"$TARGET_BUILD_DIR/$PRODUCT_NAME.app/Contents/Frameworks/\"\n";
		};
/* End PBXShellScriptBuildPhase section */

/* Begin PBXSourcesBuildPhase section */
		E4B69B580A3A1756003C02F2 /* Sources */ = {
			isa = PBXSourcesBuildPhase;
			buildActionMask = 2147483647;
			files = (
				E4B69E200A3A1BDC003C02F2 /* main.cpp in Sources */,
				E4B69E210A3A1BDC003C02F2 /* ofApp.cpp in Sources */,
				22268C92EB227C42951116F3 /* ofxOpenNI.cpp in Sources */,
				D3B8AA5EB0D52AE061EC1085 /* ofxOpenNITypes.cpp in Sources */,
			);
			runOnlyForDeploymentPostprocessing = 0;
		};
/* End PBXSourcesBuildPhase section */

/* Begin PBXTargetDependency section */
		E4EEB9AC138B136A00A80321 /* PBXTargetDependency */ = {
			isa = PBXTargetDependency;
			name = openFrameworks;
			targetProxy = E4EEB9AB138B136A00A80321 /* PBXContainerItemProxy */;
		};
/* End PBXTargetDependency section */

/* Begin XCBuildConfiguration section */
		E4B69B4E0A3A1720003C02F2 /* Debug */ = {
			isa = XCBuildConfiguration;
			baseConfigurationReference = E4EB6923138AFD0F00A09F29 /* Project.xcconfig */;
			buildSettings = {
				CONFIGURATION_BUILD_DIR = "$(SRCROOT)/bin/";
				COPY_PHASE_STRIP = NO;
				DEAD_CODE_STRIPPING = YES;
				GCC_AUTO_VECTORIZATION = YES;
				GCC_ENABLE_SSE3_EXTENSIONS = YES;
				GCC_ENABLE_SUPPLEMENTAL_SSE3_INSTRUCTIONS = YES;
				GCC_INLINES_ARE_PRIVATE_EXTERN = NO;
				GCC_OPTIMIZATION_LEVEL = 0;
				GCC_SYMBOLS_PRIVATE_EXTERN = NO;
				GCC_WARN_ABOUT_DEPRECATED_FUNCTIONS = YES;
				GCC_WARN_ABOUT_INVALID_OFFSETOF_MACRO = NO;
				GCC_WARN_ALLOW_INCOMPLETE_PROTOCOL = NO;
				GCC_WARN_UNINITIALIZED_AUTOS = NO;
				GCC_WARN_UNUSED_VALUE = NO;
				GCC_WARN_UNUSED_VARIABLE = NO;
				HEADER_SEARCH_PATHS = (
					"$(OF_CORE_HEADERS)",
					src,
					../../../addons/ofxOpenNi/src,
				);
				MACOSX_DEPLOYMENT_TARGET = 10.8;
				ONLY_ACTIVE_ARCH = YES;
				OTHER_CPLUSPLUSFLAGS = (
					"-D__MACOSX_CORE__",
					"-mtune=native",
				);
				SDKROOT = macosx;
			};
			name = Debug;
		};
		E4B69B4F0A3A1720003C02F2 /* Release */ = {
			isa = XCBuildConfiguration;
			baseConfigurationReference = E4EB6923138AFD0F00A09F29 /* Project.xcconfig */;
			buildSettings = {
				CONFIGURATION_BUILD_DIR = "$(SRCROOT)/bin/";
				COPY_PHASE_STRIP = YES;
				DEAD_CODE_STRIPPING = YES;
				GCC_AUTO_VECTORIZATION = YES;
				GCC_ENABLE_SSE3_EXTENSIONS = YES;
				GCC_ENABLE_SUPPLEMENTAL_SSE3_INSTRUCTIONS = YES;
				GCC_INLINES_ARE_PRIVATE_EXTERN = NO;
				GCC_OPTIMIZATION_LEVEL = 3;
				GCC_SYMBOLS_PRIVATE_EXTERN = NO;
				GCC_UNROLL_LOOPS = YES;
				GCC_WARN_ABOUT_DEPRECATED_FUNCTIONS = YES;
				GCC_WARN_ABOUT_INVALID_OFFSETOF_MACRO = NO;
				GCC_WARN_ALLOW_INCOMPLETE_PROTOCOL = NO;
				GCC_WARN_UNINITIALIZED_AUTOS = NO;
				GCC_WARN_UNUSED_VALUE = NO;
				GCC_WARN_UNUSED_VARIABLE = NO;
				HEADER_SEARCH_PATHS = (
					"$(OF_CORE_HEADERS)",
					src,
					../../../addons/ofxOpenNi/src,
				);
				MACOSX_DEPLOYMENT_TARGET = 10.8;
				OTHER_CPLUSPLUSFLAGS = (
					"-D__MACOSX_CORE__",
					"-mtune=native",
				);
				SDKROOT = macosx;
			};
			name = Release;
		};
		E4B69B600A3A1757003C02F2 /* Debug */ = {
			isa = XCBuildConfiguration;
			baseConfigurationReference = E4EB6923138AFD0F00A09F29 /* Project.xcconfig */;
			buildSettings = {
				COMBINE_HIDPI_IMAGES = YES;
				COPY_PHASE_STRIP = NO;
				FRAMEWORK_SEARCH_PATHS = (
					"$(inherited)",
					"$(FRAMEWORK_SEARCH_PATHS_QUOTED_FOR_TARGET_1)",
				);
				FRAMEWORK_SEARCH_PATHS_QUOTED_FOR_TARGET_1 = "\"$(SRCROOT)/../../../libs/glut/lib/osx\"";
				GCC_DYNAMIC_NO_PIC = NO;
				GCC_GENERATE_DEBUGGING_SYMBOLS = YES;
				GCC_MODEL_TUNING = NONE;
				HEADER_SEARCH_PATHS = (
					"$(OF_CORE_HEADERS)",
					../../../addons/ofxOpenNi/src,
					../../../addons/ofxOpenNi/include/openni,
				);
				ICON = "$(ICON_NAME_DEBUG)";
				ICON_FILE = "$(ICON_FILE_PATH)$(ICON)";
				INFOPLIST_FILE = "openFrameworks-Info.plist";
				INSTALL_PATH = "$(HOME)/Applications";
				LIBRARY_SEARCH_PATHS = (
					"$(inherited)",
					../../../addons/ofxOpenNi/lib,
				);
				OTHER_LDFLAGS = (
					"$(OF_CORE_LIBS)",
					"$(OF_CORE_FRAMEWORKS)",
				);
				PRODUCT_NAME = "$(TARGET_NAME)Debug";
				WRAPPER_EXTENSION = app;
			};
			name = Debug;
		};
		E4B69B610A3A1757003C02F2 /* Release */ = {
			isa = XCBuildConfiguration;
			baseConfigurationReference = E4EB6923138AFD0F00A09F29 /* Project.xcconfig */;
			buildSettings = {
				COMBINE_HIDPI_IMAGES = YES;
				COPY_PHASE_STRIP = YES;
				FRAMEWORK_SEARCH_PATHS = (
					"$(inherited)",
					"$(FRAMEWORK_SEARCH_PATHS_QUOTED_FOR_TARGET_1)",
				);
				FRAMEWORK_SEARCH_PATHS_QUOTED_FOR_TARGET_1 = "\"$(SRCROOT)/../../../libs/glut/lib/osx\"";
				GCC_GENERATE_DEBUGGING_SYMBOLS = YES;
				GCC_MODEL_TUNING = NONE;
				HEADER_SEARCH_PATHS = (
					"$(OF_CORE_HEADERS)",
					../../../addons/ofxOpenNi/src,
					../../../addons/ofxOpenNi/include/openni,
				);
				ICON = "$(ICON_NAME_RELEASE)";
				ICON_FILE = "$(ICON_FILE_PATH)$(ICON)";
				INFOPLIST_FILE = "openFrameworks-Info.plist";
				INSTALL_PATH = "$(HOME)/Applications";
				LIBRARY_SEARCH_PATHS = (
					"$(inherited)",
					../../../addons/ofxOpenNi/lib,
				);
				OTHER_LDFLAGS = (
					"$(OF_CORE_LIBS)",
					"$(OF_CORE_FRAMEWORKS)",
				);
				PRODUCT_NAME = "$(TARGET_NAME)";
				WRAPPER_EXTENSION = app;
				baseConfigurationReference = E4EB6923138AFD0F00A09F29;
			};
			name = Release;
		};
/* End XCBuildConfiguration section */

/* Begin XCConfigurationList section */
		E4B69B4D0A3A1720003C02F2 /* Build configuration list for PBXProject "SkeletonTest" */ = {
			isa = XCConfigurationList;
			buildConfigurations = (
				E4B69B4E0A3A1720003C02F2 /* Debug */,
				E4B69B4F0A3A1720003C02F2 /* Release */,
			);
			defaultConfigurationIsVisible = 0;
			defaultConfigurationName = Release;
		};
		E4B69B5F0A3A1757003C02F2 /* Build configuration list for PBXNativeTarget "SkeletonTest" */ = {
			isa = XCConfigurationList;
			buildConfigurations = (
				E4B69B600A3A1757003C02F2 /* Debug */,
				E4B69B610A3A1757003C02F2 /* Release */,
			);
			defaultConfigurationIsVisible = 0;
			defaultConfigurationName = Release;
		};
/* End XCConfigurationList section */
	};
	rootObject = E4B69B4C0A3A1720003C02F2 /* Project object */;
}
